{
    "_meta": {
        "hash": {
            "sha256": "f3de691cef9f3a89ba65c4bf15ce2cae2a21d5acb2c77a297f33c1709e003583"
        },
        "pipfile-spec": 6,
        "requires": {
            "python_version": "3.9"
        },
        "sources": [
            {
                "name": "pypi",
                "url": "https://pypi.org/simple",
                "verify_ssl": true
            }
        ]
    },
    "default": {
        "attrs": {
            "hashes": [
                "sha256:2d27e3784d7a565d36ab851fe94887c5eccd6a463168875832a1be79c82828b4",
                "sha256:626ba8234211db98e869df76230a137c4c40a12d72445c45d5f5b716f076e2fd"
            ],
            "version": "==21.4.0"
        },
        "cattrs": {
            "hashes": [
                "sha256:94b67b64cf92c994f8784c40c082177dc916e0489a73a9a36b24eb18a9db40c6",
                "sha256:d55c477b4672f93606e992049f15d526dc7867e6c756cd6256d4af92e2b1e364"
            ],
            "version": "==22.1.0"
        },
        "exceptiongroup": {
            "hashes": [
                "sha256:542adf9dea4055530d6e1279602fa5cb11dab2395fa650b8674eaec35fc4a828",
                "sha256:bd14967b79cd9bdb54d97323216f8fdf533e278df937aa2a90089e7d6e06e5ec"
            ],
            "markers": "python_version <= '3.10'",
            "version": "==1.0.4"
        },
        "typecats": {
            "hashes": [
                "sha256:c117edb320598dd38df26088ba4cefe54b89d09668ccc86da0c6b8cbe5daf6e7"
            ],
            "index": "pypi",
            "version": "==2.0.2"
        },
        "typing-extensions": {
            "hashes": [
                "sha256:1511434bb92bf8dd198c12b1cc812e800d4181cfcb867674e0f8279cc93087aa",
                "sha256:16fa4864408f655d35ec496218b85f79b3437c829e93320c7c9215ccfd92489e"
            ],
            "version": "==4.4.0"
        }
    },
    "develop": {}
}
